
Microsoft Visual Studio Solution File, Format Version 12.00
Project("{FAE04EC0-301F-11D3-BF4B-00C04F79EFBC}") = "ImmoPortalApi", "ImmoPortalApi.csproj", "{83B24E15-14A3-40A3-87A5-CE7E5F391E18}"
EndProject
Global
	GlobalSection(SolutionConfigurationPlatforms) = preSolution
		Debug|Any CPU = Debug|Any CPU
		Release|Any CPU = Release|Any CPU
	EndGlobalSection
	GlobalSection(ProjectConfigurationPlatforms) = postSolution
		{83B24E15-14A3-40A3-87A5-CE7E5F391E18}.Debug|Any CPU.ActiveCfg = Debug|Any CPU
		{83B24E15-14A3-40A3-87A5-CE7E5F391E18}.Debug|Any CPU.Build.0 = Debug|Any CPU
		{83B24E15-14A3-40A3-87A5-CE7E5F391E18}.Release|Any CPU.ActiveCfg = Release|Any CPU
		{83B24E15-14A3-40A3-87A5-CE7E5F391E18}.Release|Any CPU.Build.0 = Release|Any CPU
	EndGlobalSection
EndGlobal
